
Microsoft Visual Studio Solution File, Format Version 12.00
# Visual Studio 15
VisualStudioVersion = 15.0.28307.1062
MinimumVisualStudioVersion = 10.0.40219.1
Project("{FAE04EC0-301F-11D3-BF4B-00C04F79EFBC}") = "ConceptTest2", "ConceptTest2\ConceptTest2.csproj", "{D9E3199B-B106-4710-8B11-E0114DCCA80D}"
EndProject
Project("{2150E333-8FDC-42A3-9474-1A3956D46DE8}") = "Solution Items", "Solution Items", "{9F9C0533-44E8-4106-A515-3DB56EA5F794}"
	ProjectSection(SolutionItems) = preProject
		README.md = README.md
	EndProjectSection
EndProject
Global
	GlobalSection(SolutionConfigurationPlatforms) = preSolution
		Debug|Any CPU = Debug|Any CPU
		Release|Any CPU = Release|Any CPU
	EndGlobalSection
	GlobalSection(ProjectConfigurationPlatforms) = postSolution
		{D9E3199B-B106-4710-8B11-E0114DCCA80D}.Debug|Any CPU.ActiveCfg = Debug|Any CPU
		{D9E3199B-B106-4710-8B11-E0114DCCA80D}.Debug|Any CPU.Build.0 = Debug|Any CPU
		{D9E3199B-B106-4710-8B11-E0114DCCA80D}.Release|Any CPU.ActiveCfg = Release|Any CPU
		{D9E3199B-B106-4710-8B11-E0114DCCA80D}.Release|Any CPU.Build.0 = Release|Any CPU
	EndGlobalSection
	GlobalSection(SolutionProperties) = preSolution
		HideSolutionNode = FALSE
	EndGlobalSection
	GlobalSection(ExtensibilityGlobals) = postSolution
		SolutionGuid = {8A6AA06C-1CD6-40BB-B79C-2F915B76DB6A}
	EndGlobalSection
EndGlobal
